commit	1f793ac6c4f13204fc1ac0ce24140ffea8d1814a	sakshi	https://github.com/MacCracken/sakshi.git	2.5.1
commit	b7ca8c84161e8e202f09e7a0f071e2243726a80d	patra	https://github.com/MacCracken/patra.git	1.14.1
3e51b4f19ecc223ec72f48058d1130074a3d7163de611c3fd704bf6a89ab02f4  lib/tagged.cyr
6c76a1afec2ab1e3a11cc0d308feae34c4be34c5030a059d79c9efaf9e4b5213  lib/syscalls_macos.cyr
072725897707e6cc38c67510f972807c07e04cd8ba69d6881c9648f74055c8a5  lib/mmap.cyr
8a3e4378e75eefbf7e6d8d098449dbe909f9b9b80a2a72624adb250eb4335c09  lib/str.cyr
69e92cc4b67f1a936f94c92ce8a4c66673758b84dba385e96fbeaa46fa692b4c  lib/alloc_agnos.cyr
03922b263b4a771d7104c6dcc30b4b029c6fe40ec93fec6a0ee38ec61f7e7dd8  lib/alloc_macos.cyr
c7b3bf5beebddc082d4fa643a7113deaf26d0fd80dd5cd70ba0e3c21671107d0  lib/fs_win.cyr
27c9752b70e797b43d30204e5077749526144495ba7021b1272067f3236d81f9  lib/args_agnos.cyr
e77b2d5e3744c8f7f2e4bb69710df8888211ca9fb1947cf9408bbc0d66820cd7  lib/freelist.cyr
b204b05d2f0ee90477d5ca5bd22c339188719ef1eacb05ad6e65e092a1536572  lib/sync_macos.cyr
7ebfc243d1f85d08226b4aa34cee314d368613998476c0f01b70eeda2dc3eb7f  lib/sakshi.cyr
eeadd5a7b29998c0039a6758687857689b20f83d3d16c74349a403dac39e71a4  lib/atomic.cyr
a90313240f49f1884f1bc0992daf4ee8538fe707c6998d04e163f775f4f3a1b2  lib/string.cyr
d86e95aa17266cf10d634825da8a1ce3e13a8b654fec8178c684297c52b14cb6  lib/process.cyr
7328ec74c1b37e22094a0f22dbd2ecea4dce10700a6ba5122cf1d5bfff3a564e  lib/alloc.cyr
0847964081b1998fa584e74c5ff2a27ad183fc8e251fb620fd1fcf6f2aa9e12e  lib/syscalls_x86_64_linux.cyr
4d571d7b449646b85b24ef8e92433c1214f57e6811980bef883f6914991a116a  lib/syscalls_x86_64_agnos.cyr
8b419c88a1b4ba8d0c45055c443d4e3488e1c73881fdb7512d2731dd49e087ec  lib/fmt.cyr
c88c2ab7f87fdbf63d8e8cb12d43471e7863315f8053341f295b2237788e6d78  lib/args.cyr
90846b2f95ca0ed3166b257735b390c4ac835f3f1de17e7ee532fdc89584c251  lib/patra.cyr
e4a5d91e12a71feb2d245ec38804ded6333558cb74168853d226cb8ec22e4b19  lib/boxed.cyr
af3dc72c3e2d0f94ea4d4a6bdeb60963cd36e7849b7ccf06299bf5c616de7100  lib/sync_windows.cyr
c314b2a6ad6d6136137196291dcc2b72e713c89b8e6e8a05c6b8bedb25b74bde  lib/chrono.cyr
942c760a65fc50f61dfedac20eb5f4f2032b8a955e13450835acff775824b811  lib/syscalls.cyr
a535b59bebc85f9aef7ae4c3114858c6134b09cc9569e508160b95c4a8f7d421  lib/hashseed.cyr
00b5a4309c39031d6f81a0cd8048f499c2f461158b09b85fb7cbe1f6e284a0d6  lib/thread_local.cyr
299c2c7e203b339a6b97d3ab88d15f3465d72bda018c61e6951819eabd7cc018  lib/alloc_windows.cyr
f7b9d52f29de6d3d633962ccc765a76637091a7256eebc1da5547530eed2c44b  lib/args_win.cyr
03b00c6f58f54f690505d94bc6d173c0e4ec64e709288f43939fbc7f756847ce  lib/process_agnos.cyr
fbd27b904f311898c02bb4ed12ddb9426bd49c9e654c2d3d0bfea5e63d599df3  lib/syscalls_aarch64_linux.cyr
e46a35925484d3afbfaaac02676f51adaab953608879158d52f1b997fb5920a8  lib/vec.cyr
2996315d6dbba8e79a0d3f4c23cc4fccc557c478d77c720d1b88b26ad43404de  lib/fs.cyr
335c52dc6a531ff34fef41d70ccc8e8394ac4365655b12c359f39741e0bfc2d0  lib/io.cyr
538956b325e8bffe612ff79bbda93cb1ad3078d78ecb1f0caf059deab11f1a9f  lib/sync.cyr
335d315cc179ba92fd0d8c05c8091d558045c9f3624eda78a81d7b1ec70246f2  lib/hashmap.cyr
39ee5f438c5b693c8837eda3138a471aac8f0d10f8bdeb1aea2b737bf1f7937b  lib/fnptr.cyr
93aaa29cd8aebcd0a7b4de1b13541d7ebca6dfd5caf104c03fecdf19560d2910  lib/syscalls_windows.cyr
a098b84c66fa51d4449c21a05ba6be06dd907f7bcc9c375843f4de0e160f5192  lib/syscalls_linux_common.cyr
cbfeb903459ab57393f1772daa5c369f1bf328c9588b7d2fc08116000fd11617  lib/process_win.cyr
99f96283da419ad9f01d076269411c3d5214b6007a92d1bbe2356ab906a5d1a1  lib/args_macos.cyr
9892d2c32787cdbb5d65b8441bef25d4b8f31942ac4db7500d10aadc43f23632  lib/result.cyr
