commit	5815fa90d52a1f2b1e498f517273f9419786618e	sakshi	https://github.com/MacCracken/sakshi.git	2.4.10
commit	01885237977735e735c3029917f9470d0f268f7e	patra	https://github.com/MacCracken/patra.git	1.13.8
7240760b1260fa06c53c5a139d1a2086fb439e21ac90e53eacd4bf486ac0e9ca  lib/tagged.cyr
2dd564a6351f9897ba90f17a108d70d5db676be3ee2764075a03edb9c38e01ed  lib/syscalls_macos.cyr
072725897707e6cc38c67510f972807c07e04cd8ba69d6881c9648f74055c8a5  lib/mmap.cyr
8a3e4378e75eefbf7e6d8d098449dbe909f9b9b80a2a72624adb250eb4335c09  lib/str.cyr
69e92cc4b67f1a936f94c92ce8a4c66673758b84dba385e96fbeaa46fa692b4c  lib/alloc_agnos.cyr
03922b263b4a771d7104c6dcc30b4b029c6fe40ec93fec6a0ee38ec61f7e7dd8  lib/alloc_macos.cyr
c7b3bf5beebddc082d4fa643a7113deaf26d0fd80dd5cd70ba0e3c21671107d0  lib/fs_win.cyr
27c9752b70e797b43d30204e5077749526144495ba7021b1272067f3236d81f9  lib/args_agnos.cyr
e77b2d5e3744c8f7f2e4bb69710df8888211ca9fb1947cf9408bbc0d66820cd7  lib/freelist.cyr
ac55a4ff22d49ccf6c44893be077e1c824825aed845d82c04767f4f87c29d6da  lib/sync_macos.cyr
4ed6371712818b5634926154c5d1d00165ffcf9910330ec2b85c4f23db7660f5  lib/sakshi.cyr
eeadd5a7b29998c0039a6758687857689b20f83d3d16c74349a403dac39e71a4  lib/atomic.cyr
a90313240f49f1884f1bc0992daf4ee8538fe707c6998d04e163f775f4f3a1b2  lib/string.cyr
d86e95aa17266cf10d634825da8a1ce3e13a8b654fec8178c684297c52b14cb6  lib/process.cyr
7328ec74c1b37e22094a0f22dbd2ecea4dce10700a6ba5122cf1d5bfff3a564e  lib/alloc.cyr
0847964081b1998fa584e74c5ff2a27ad183fc8e251fb620fd1fcf6f2aa9e12e  lib/syscalls_x86_64_linux.cyr
cecaebeadd86c25bd2bbdc5996a3c6e8c48f220146bb8533a25e2e7b0bb51ea9  lib/syscalls_x86_64_agnos.cyr
8a6c1a7307db912e85aee3cb1de49a5aa20a44aab99f9bd48837025906f9a376  lib/fmt.cyr
c88c2ab7f87fdbf63d8e8cb12d43471e7863315f8053341f295b2237788e6d78  lib/args.cyr
a29f5b0fcdbf53c02fd7f1a7a57bcb6cbb1ba4331f17b44e045bbbc76ad3fb1a  lib/patra.cyr
af3dc72c3e2d0f94ea4d4a6bdeb60963cd36e7849b7ccf06299bf5c616de7100  lib/sync_windows.cyr
65c97b05e22533d24bfd844646d530480b79973fa5b0277ad3f759f4398a328c  lib/chrono.cyr
942c760a65fc50f61dfedac20eb5f4f2032b8a955e13450835acff775824b811  lib/syscalls.cyr
d5d3bfde91037c8038955adc5bfab4d17cc95c49c970757d360d89bcfcf3d92d  lib/thread_local.cyr
299c2c7e203b339a6b97d3ab88d15f3465d72bda018c61e6951819eabd7cc018  lib/alloc_windows.cyr
f7b9d52f29de6d3d633962ccc765a76637091a7256eebc1da5547530eed2c44b  lib/args_win.cyr
03b00c6f58f54f690505d94bc6d173c0e4ec64e709288f43939fbc7f756847ce  lib/process_agnos.cyr
b8d9abb2807755668be3c6840bc6478f041b6584502d9d872cd6f7ceec422798  lib/syscalls_aarch64_linux.cyr
e46a35925484d3afbfaaac02676f51adaab953608879158d52f1b997fb5920a8  lib/vec.cyr
2996315d6dbba8e79a0d3f4c23cc4fccc557c478d77c720d1b88b26ad43404de  lib/fs.cyr
1c0eb40f99028d6656f14d2f35f2d4a64f13b18a8060cd91ebb5f94db05f1713  lib/io.cyr
538956b325e8bffe612ff79bbda93cb1ad3078d78ecb1f0caf059deab11f1a9f  lib/sync.cyr
9fd6444e8cfcf7950837e955473adc5bab6d7bf4fa2c15f8ce2578360c4100eb  lib/hashmap.cyr
39ee5f438c5b693c8837eda3138a471aac8f0d10f8bdeb1aea2b737bf1f7937b  lib/fnptr.cyr
ee97e3acc22ae27c88c9e1f7747360db441a3281461a6b58f59c6f7d27eea80d  lib/syscalls_windows.cyr
1f984a629e4abe90bb5387cdaba6286b035afd1c6640e41a2de7fda428de1587  lib/syscalls_linux_common.cyr
cbfeb903459ab57393f1772daa5c369f1bf328c9588b7d2fc08116000fd11617  lib/process_win.cyr
99f96283da419ad9f01d076269411c3d5214b6007a92d1bbe2356ab906a5d1a1  lib/args_macos.cyr
f731aa0abf603a82ef966e8a1d260e11bd40d842953be5d5265cf86167fa380b  lib/result.cyr
