commit	1f793ac6c4f13204fc1ac0ce24140ffea8d1814a	sakshi	https://github.com/MacCracken/sakshi.git	2.5.1
commit	b7ca8c84161e8e202f09e7a0f071e2243726a80d	patra	https://github.com/MacCracken/patra.git	1.14.1
3e51b4f19ecc223ec72f48058d1130074a3d7163de611c3fd704bf6a89ab02f4  lib/tagged.cyr
fe799dda111731ca5d4b92ef1160659c1cec5a507481770b5ed9c92b943d2730  lib/net.cyr
e84c090fd0f8532700d967ca3190837780a52a42630f4c6a0a4567ad9a49ab6b  lib/cffi.cyr
6c76a1afec2ab1e3a11cc0d308feae34c4be34c5030a059d79c9efaf9e4b5213  lib/syscalls_macos.cyr
423df382657ade61d0ce642a8dd69c0f6a10e432517042eed4b2ad45bc833f4f  lib/simd.cyr
104ed47e84386323165fc91e75ebca36f3fbfe4717bd7756a2ff8f02303b2647  lib/bayan.cyr
072725897707e6cc38c67510f972807c07e04cd8ba69d6881c9648f74055c8a5  lib/mmap.cyr
9f9b69b583151e6cd2f026cfa53629ef89b0e15d8c69d3778851f278a33ffaa2  lib/async_win.cyr
a765010977ff6829def00d050e27cc94c52e5b9c6e28defb10f1fdabe2cd74e2  lib/math.cyr
d676fd50e313d24a44da04ccfa51034039a9556f21d04aca7b9a1b2b79ef6228  lib/dynlib.cyr
8a3e4378e75eefbf7e6d8d098449dbe909f9b9b80a2a72624adb250eb4335c09  lib/str.cyr
36634d4c65639300dbb3620b97c8d40232717a59dc086655025cbaa883f189f4  lib/fdlopen.cyr
69e92cc4b67f1a936f94c92ce8a4c66673758b84dba385e96fbeaa46fa692b4c  lib/alloc_agnos.cyr
d4aaa7da69317952807d0631de9400425369dee96584041600aa891d1b68d360  lib/ganita.cyr
c1111039c78e19c9404d8d296b3e88b588e735c21ae8a67a3852251d63199170  lib/grp.cyr
dbe63348d43b381bff254d9cc3ea7372df6b64a4338471b5b890b2ee479b408b  lib/async.cyr
cdd9e9d5960aea949bd1b3510f6cf84655ccf491fcc1b13689c252996aa75a36  lib/regression.cyr
cfd1d9aafc801afbf2fff72086493ba6d9c8eac950eb7921d56d616b623c6f65  lib/ws_server.cyr
81e04cb9d9dcf62655ecb8eaa318c0ad15215cf53d734431c0c12b97cfaf1c34  lib/pam.cyr
3685581ab3dca17cb01b8e65a654ce4ca683ac67b1871b17b8bd9fb3c2cf8a02  lib/pwd.cyr
6cd0930d2faf71c5f48835eca206b4d5b26bf7d81bced0b4f37a2a339fd075e3  lib/thread_agnos.cyr
03922b263b4a771d7104c6dcc30b4b029c6fe40ec93fec6a0ee38ec61f7e7dd8  lib/alloc_macos.cyr
78b5e014ba2f904025cc68b6296b542d7d5b25c3375ba699d923a441abe48145  lib/hashmap_fast.cyr
8c308fcc81558fb6048b7786d3c2e747831e857ecfd88c91751bd3e662c9ca73  lib/regression_agnos.cyr
c7b3bf5beebddc082d4fa643a7113deaf26d0fd80dd5cd70ba0e3c21671107d0  lib/fs_win.cyr
27c9752b70e797b43d30204e5077749526144495ba7021b1272067f3236d81f9  lib/args_agnos.cyr
e77b2d5e3744c8f7f2e4bb69710df8888211ca9fb1947cf9408bbc0d66820cd7  lib/freelist.cyr
cb1b481029fa611c573b92f36e6ff25480ea106f7706f98efeb239a7889b57c4  lib/regex.cyr
dc500d517e0896751699302f6d6033b765378576f8e9ac144480262ab4214348  lib/security.cyr
a8ae4f1396d23bff31a4c22c53be396b4624dcd763f5a9de81d4933a07beae9e  lib/test.cyr
b204b05d2f0ee90477d5ca5bd22c339188719ef1eacb05ad6e65e092a1536572  lib/sync_macos.cyr
7ebfc243d1f85d08226b4aa34cee314d368613998476c0f01b70eeda2dc3eb7f  lib/sakshi.cyr
096eabc580c807f3e378fbe56058780a28cdf95b9c70b44672bca0a71cf969f6  lib/ct.cyr
5d80af0ea9c77878f77bcead3b9c7d5887b44901de143fc1fbc750fac4b36b4e  lib/log.cyr
98d1536d5bb355549b7e7be257fb6a5620525f93b447a5a5759b04a0aa053191  lib/dxgi.cyr
eeadd5a7b29998c0039a6758687857689b20f83d3d16c74349a403dac39e71a4  lib/atomic.cyr
a90313240f49f1884f1bc0992daf4ee8538fe707c6998d04e163f775f4f3a1b2  lib/string.cyr
d86e95aa17266cf10d634825da8a1ce3e13a8b654fec8178c684297c52b14cb6  lib/process.cyr
2cd015d80186e0b9c3079339fe5f1d32b1e645adf5b192d0e46adbd52781e9f2  lib/niyama.cyr
7328ec74c1b37e22094a0f22dbd2ecea4dce10700a6ba5122cf1d5bfff3a564e  lib/alloc.cyr
71f6f5681a67f4736e6cdc2bad23a09c3b67a77c0c88ebe3ad42d8bb0ee31a6c  lib/sigil.cyr
53ef117072a85dbb68ac9f394acfff0df3d1806003cd9504f5317ff5e135898c  lib/sandhi.cyr
639aa6feb170319f983df4b39b827f29b26391b55de241c25e711f3880bce0a0  lib/flags.cyr
0847964081b1998fa584e74c5ff2a27ad183fc8e251fb620fd1fcf6f2aa9e12e  lib/syscalls_x86_64_linux.cyr
4d571d7b449646b85b24ef8e92433c1214f57e6811980bef883f6914991a116a  lib/syscalls_x86_64_agnos.cyr
8b419c88a1b4ba8d0c45055c443d4e3488e1c73881fdb7512d2731dd49e087ec  lib/fmt.cyr
28adc0d018577a1c21b40e088991d5a76e6c4cc367346e00f7cab7f719a6f50b  lib/thread_macos.cyr
2606533fa73831ec89acfffe96a1a438b2adb21be6b5b70ca02e76b6a77c6dbb  lib/tls.cyr
293aba79206fc1201a8998b64f51d00d8cb8ac3a5cb2f4ed96c1ca5a4b5aa2cd  lib/trait.cyr
df03f0619d56598ef8dba98335f8e7b606924c37cf418fa78e6bfb999afdef0b  lib/yukti.cyr
09cf81bf4f10758da7967a5f6628b2feed53b0fb5e6e11cac0b273725465e6d8  lib/assert.cyr
c88c2ab7f87fdbf63d8e8cb12d43471e7863315f8053341f295b2237788e6d78  lib/args.cyr
90846b2f95ca0ed3166b257735b390c4ac835f3f1de17e7ee532fdc89584c251  lib/patra.cyr
3a46495c11040db6f26872366ff528bfd50f0e8e033e5c0029d0f0684cfcd615  lib/protobuf.cyr
e4a5d91e12a71feb2d245ec38804ded6333558cb74168853d226cb8ec22e4b19  lib/boxed.cyr
639349c31b6116dfe9553b79a34210810d6d864f7983ace04a8c43d9670ede53  lib/vani.cyr
af3dc72c3e2d0f94ea4d4a6bdeb60963cd36e7849b7ccf06299bf5c616de7100  lib/sync_windows.cyr
0ceae7028f2dcb86b6dedfcd271b67324d6d0c83dd0b4d015fb22e1795b03ebe  lib/tls_native.cyr
c314b2a6ad6d6136137196291dcc2b72e713c89b8e6e8a05c6b8bedb25b74bde  lib/chrono.cyr
16d92c974874d54467facb1a59d120f164d0215ad24a75a8aebe2abcb4c38a57  lib/overflow.cyr
dd083116c877c777f44f0d9e754dde477f6f42e99d5399fdc9e15ae4cf6fb06f  lib/tls_native_lowlevel.cyr
61f4eb2d4cd4ec6824ee76de2736301ac44848c5783e3a5e2d4a1798d48a32f7  lib/mabda.cyr
942c760a65fc50f61dfedac20eb5f4f2032b8a955e13450835acff775824b811  lib/syscalls.cyr
a535b59bebc85f9aef7ae4c3114858c6134b09cc9569e508160b95c4a8f7d421  lib/hashseed.cyr
00b5a4309c39031d6f81a0cd8048f499c2f461158b09b85fb7cbe1f6e284a0d6  lib/thread_local.cyr
7f09bdda201facfea22a870090584127af1cc1151a822dcf15aa737fe8329468  lib/tls_native_keysched.cyr
299c2c7e203b339a6b97d3ab88d15f3465d72bda018c61e6951819eabd7cc018  lib/alloc_windows.cyr
494bb8c5265955e80c87af63b79e4227cb989ad332337d0605ef66578cddf025  lib/thread_win.cyr
a012996dd8d3194c8fc65496f9e62f95e7f39eec2caa4f0b62fd7ce64ce9a042  lib/thread.cyr
f7b9d52f29de6d3d633962ccc765a76637091a7256eebc1da5547530eed2c44b  lib/args_win.cyr
03b00c6f58f54f690505d94bc6d173c0e4ec64e709288f43939fbc7f756847ce  lib/process_agnos.cyr
fbd27b904f311898c02bb4ed12ddb9426bd49c9e654c2d3d0bfea5e63d599df3  lib/syscalls_aarch64_linux.cyr
2907e90cae9f66370dce6e9567e24b03dab31221cb4f0e505a5c5745232d5de4  lib/sha1.cyr
1a6ede53a3380b26fd7d314efa3d48adaccaff8b0f08a5b650c9e5d9713e4c1c  lib/shadow.cyr
0236ac247d6b1bd862988661c6eadbc8b56476b473c2aa6fc28740767b9244f1  lib/bench.cyr
c5d8f2b517b8cf0f430f0d387910759e3456518c665285338cb2a7ffc16764d9  lib/sys.cyr
2c2ae9913be380477e57230213225ed9c3bd1e5e00004cde3fed687a1d16d583  lib/sankoch.cyr
c95aac7657aa91b4713f33691880ba8a62f3dd6f9993bba1fb2b2e01d45bc2d4  lib/audit_walk.cyr
bbe05c67be5b0a80c255f58aa10328c81ee1ec4ed8bca5944aa4cd4072c53fb2  lib/ws.cyr
9bf0b927f4d092609b9cd3305e9e204fc370b024d20e386d9e0e0d99687c0f04  lib/async_agnos.cyr
543be460c6d2a9922e47f4dafb4fae981802f74827b935d4ec9dadb35870cb43  lib/keccak.cyr
d80711050a9d8e560af3e538a0d406da8467bd9bd8a6b9b9c8d73f085f50155a  lib/yantra.cyr
b2aae04320aaf624fe6b8a54290f547df67a29d315deac00523498fa278cd005  lib/http.cyr
e46a35925484d3afbfaaac02676f51adaab953608879158d52f1b997fb5920a8  lib/vec.cyr
2996315d6dbba8e79a0d3f4c23cc4fccc557c478d77c720d1b88b26ad43404de  lib/fs.cyr
82c346ceb97ac0d79da8771ec68632ac6135e8c1f4e1007bd1603fafda6f4e9a  lib/async_macos.cyr
335c52dc6a531ff34fef41d70ccc8e8394ac4365655b12c359f39741e0bfc2d0  lib/io.cyr
538956b325e8bffe612ff79bbda93cb1ad3078d78ecb1f0caf059deab11f1a9f  lib/sync.cyr
8e45d3b594e31609051e958acac2f84cc102e0cd2264b0cbfdeaae8aaffda557  lib/unicode/_casefold_data.cyr
1b25eed5cfb1555dd425644dccec378cf3ac80fe7874e35bdc30ca9edf01d35f  lib/unicode/casefold.cyr
29ae9b6a453bf7ed08c34c944c6ae6a58be99a4d35474c7d9a53ba57bc788388  lib/unicode/_normalize_data.cyr
ae2647702546f03f5fe1f4797ef735aafbf9981bb6294a075a31d308fd7e905c  lib/unicode/normalize.cyr
aeeba5627b78ffca6a34ebcbe318f50726a87d4f19713bf9ed070bbbec7ded74  lib/unicode/_decode.cyr
490ce31f13069637ada2eec85c16f1e5ef942160892f32c07b572286fa4f9912  lib/unicode/_categories_data.cyr
1091c0970c74fd47f63503b5dfbe0098a1b87048a8d43cc17cf51153839b2afe  lib/unicode/categories.cyr
724cb440922e89ff60c76eba23670eeee53b9d1f3ffdde31ebe2e2f9badda9ed  lib/slice.cyr
1ef92263d128e332a4a431c4d356770c5cbe0ffafa4c5a1327bd7a3117fc2ee7  lib/tls_native_hs12.cyr
335d315cc179ba92fd0d8c05c8091d558045c9f3624eda78a81d7b1ec70246f2  lib/hashmap.cyr
39ee5f438c5b693c8837eda3138a471aac8f0d10f8bdeb1aea2b737bf1f7937b  lib/fnptr.cyr
93aaa29cd8aebcd0a7b4de1b13541d7ebca6dfd5caf104c03fecdf19560d2910  lib/syscalls_windows.cyr
79ca32e3a458700e60401cdda69bf4a10743b0086428449b3f65faa0a0ca48da  lib/tls_native_hs13.cyr
de4598e4862fdc8d02195688b9aacc91e888d5f6b85d9fac08f4b7af9daaca19  lib/random.cyr
7b6437095c35a9214eb19260ea3d6104d021e55d766d337a85354b441ce25181  lib/bounds.cyr
f266862c2b50ded0c8c63af6a1d3c24a0845bfdf07e2165757f94c1f63a601e2  lib/tls_native_conn.cyr
d675375b2c3929fc0a8dadc2fb79faaa1f43e7ddb49cb1e111d9e7abcb207787  lib/callback.cyr
a098b84c66fa51d4449c21a05ba6be06dd907f7bcc9c375843f4de0e160f5192  lib/syscalls_linux_common.cyr
cbfeb903459ab57393f1772daa5c369f1bf328c9588b7d2fc08116000fd11617  lib/process_win.cyr
99f96283da419ad9f01d076269411c3d5214b6007a92d1bbe2356ab906a5d1a1  lib/args_macos.cyr
bb432fe9a94d00a1e112db04730cf0e65d96b5a83d903977e3eb56956e6550c4  lib/tls_native_ctx.cyr
9892d2c32787cdbb5d65b8441bef25d4b8f31942ac4db7500d10aadc43f23632  lib/result.cyr
